" Generated by vim-plug
" pon, 23 paź 2017, 09:01:40
" :source this file in vim to restore the snapshot
" or execute: vim -S snapshot.vim

silent! let g:plugs['CamelCaseMotion'].commit = 'a010761'
silent! let g:plugs['LanguageClient-neovim'].commit = 'f993c5e'
silent! let g:plugs['LargeFile'].commit = '3941a37'
silent! let g:plugs['Rename2'].commit = '10dfd29'
silent! let g:plugs['YouCompleteMe'].commit = 'ac054410'
silent! let g:plugs['ack.vim'].commit = 'a16a9b6'
silent! let g:plugs['argtextobj.vim'].commit = 'f3fbe42'
silent! let g:plugs['bgshift.vim'].commit = '59ba96f'
silent! let g:plugs['ctrlp-py-matcher'].commit = '632d40d'
silent! let g:plugs['ctrlp.vim'].commit = 'bde7a29'
silent! let g:plugs['dbext.vim'].commit = '14f3d53'
silent! let g:plugs['delimitMate'].commit = '728b57a'
silent! let g:plugs['elm-vim'].commit = 'ae53153'
silent! let g:plugs['emmet-vim'].commit = 'bcadf12'
silent! let g:plugs['flattened'].commit = '048ad9e'
silent! let g:plugs['gist-vim'].commit = 'f0d6357'
silent! let g:plugs['gitignore'].commit = '061c5c7'
silent! let g:plugs['goyo.vim'].commit = '5b8bd03'
silent! let g:plugs['idris-vim'].commit = '7f1363b'
silent! let g:plugs['incsearch.vim'].commit = 'ceff510'
silent! let g:plugs['indentLine.vim'].commit = '988ba55'
silent! let g:plugs['inkpot'].commit = 'b86ad4d'
silent! let g:plugs['limelight.vim'].commit = '106fb57'
silent! let g:plugs['matchit.zip'].commit = 'ced6c40'
silent! let g:plugs['merlin'].commit = 'afc398a9'
silent! let g:plugs['my-snippets.vim'].commit = 'ceb2a1b'
silent! let g:plugs['neomake'].commit = 'e1494c3'
silent! let g:plugs['nerdtree'].commit = '8a6ae7c'
silent! let g:plugs['nerdtree-git-plugin'].commit = '6a9b312'
silent! let g:plugs['papercolor-theme'].commit = 'd9a6ecd'
silent! let g:plugs['pipe2eval'].commit = 'fbe9207'
silent! let g:plugs['rust.vim'].commit = 'b6d88ad'
silent! let g:plugs['splitjoin.vim'].commit = 'e7e5e1a'
silent! let g:plugs['switch.vim'].commit = '0daa5d7'
silent! let g:plugs['taglist.vim'].commit = '53041fb'
silent! let g:plugs['textobj-indent'].commit = '7921924'
silent! let g:plugs['ultisnips'].commit = '423f264'
silent! let g:plugs['undotree'].commit = '0a01447'
silent! let g:plugs['vim-abolish'].commit = 'b6a8b49'
silent! let g:plugs['vim-airline'].commit = '6e2a9e3'
silent! let g:plugs['vim-chef'].commit = '5039697'
silent! let g:plugs['vim-colors-pencil'].commit = 'a28a0b1'
silent! let g:plugs['vim-commentary'].commit = '89f43af'
silent! let g:plugs['vim-css-color'].commit = '2411b84'
silent! let g:plugs['vim-css3-syntax'].commit = '99583cc'
silent! let g:plugs['vim-ctrlp-cmdpalette'].commit = '79db2a3'
silent! let g:plugs['vim-cucumber'].commit = 'bcb119c'
silent! let g:plugs['vim-dispatch'].commit = 'be7b194'
silent! let g:plugs['vim-easy-align'].commit = '1cd724d'
silent! let g:plugs['vim-easyclip'].commit = '29228ed'
silent! let g:plugs['vim-elixir'].commit = '3066d5f'
silent! let g:plugs['vim-endwise'].commit = 'd565526'
silent! let g:plugs['vim-expand-region'].commit = '9665135'
silent! let g:plugs['vim-fugitive'].commit = '7c9b87a'
silent! let g:plugs['vim-fugitive-blame-ext'].commit = 'dd4096e'
silent! let g:plugs['vim-github-comment'].commit = 'aa0a2f1'
silent! let g:plugs['vim-haml'].commit = 'd580aa3'
silent! let g:plugs['vim-indexed-search'].commit = '0885afe'
silent! let g:plugs['vim-javascript'].commit = '4bd734e'
silent! let g:plugs['vim-jsx'].commit = 'b098827'
silent! let g:plugs['vim-less'].commit = '6e818d5'
silent! let g:plugs['vim-multiple-cursors'].commit = 'a97dab5'
silent! let g:plugs['vim-nix'].commit = '867488a'
silent! let g:plugs['vim-plugin-minibufexpl'].commit = '349a9fb'
silent! let g:plugs['vim-projectionist'].commit = '45ee461'
silent! let g:plugs['vim-rails'].commit = 'f7fc6fc'
silent! let g:plugs['vim-repeat'].commit = '070ee90'
silent! let g:plugs['vim-rhubarb'].commit = '6caad2b'
silent! let g:plugs['vim-ruby'].commit = '074200f'
silent! let g:plugs['vim-ruby-refactoring'].commit = '6447a4d'
silent! let g:plugs['vim-signify'].commit = '1a8a15d'
silent! let g:plugs['vim-sleuth'].commit = 'dfe0a33'
silent! let g:plugs['vim-sml'].commit = '4c4d59b'
silent! let g:plugs['vim-surround'].commit = 'e49d6c2'
silent! let g:plugs['vim-tags'].commit = 'e75dea7'
silent! let g:plugs['vim-test'].commit = '816b0f5'
silent! let g:plugs['vim-textobj-erb'].commit = '03e3840'
silent! let g:plugs['vim-textobj-rubyblock'].commit = '2b882e2'
silent! let g:plugs['vim-textobj-underscore'].commit = '41fcdac'
silent! let g:plugs['vim-textobj-url'].commit = '63eb7f1'
silent! let g:plugs['vim-textobj-user'].commit = 'e231b65'
silent! let g:plugs['vim-textobj-xmlattr'].commit = '694a297'
silent! let g:plugs['vim-tmux-focus-events'].commit = 'eddf52f'
silent! let g:plugs['vim-tmux-navigator'].commit = 'd724094'
silent! let g:plugs['vim-tmux-runner'].commit = '30ed891'
silent! let g:plugs['vim-unimpaired'].commit = '3a77590'
silent! let g:plugs['vim-wipeout'].commit = '6e98c53'
silent! let g:plugs['webapi-vim'].commit = 'e76f2da'
silent! let g:plugs['zeavim.vim'].commit = '8e90454'

PlugUpdate!

