" Generated by vim-plug
" czw, 19 maj 2016, 19:56:23
" :source this file in vim to restore the snapshot
" or execute: vim -S snapshot.vim

silent! let g:plugs['CamelCaseMotion'].commit = '3ae9bf9'
silent! let g:plugs['LargeFile'].commit = '3941a37'
silent! let g:plugs['Rename2'].commit = '10dfd29'
silent! let g:plugs['YouCompleteMe'].commit = '94ec3ed'
silent! let g:plugs['ack.vim'].commit = '0a7d28b'
silent! let g:plugs['argtextobj.vim'].commit = 'f3fbe42'
silent! let g:plugs['bgshift.vim'].commit = '36be8d2'
silent! let g:plugs['closetag.vim'].commit = 'a52525b'
silent! let g:plugs['ctrlp.vim'].commit = '7a80267'
silent! let g:plugs['dbext.vim'].commit = 'd38ee2a'
silent! let g:plugs['delimitMate'].commit = '8bc47fd'
silent! let g:plugs['elm-vim'].commit = '4515574'
silent! let g:plugs['emmet-vim'].commit = 'e24ea17'
silent! let g:plugs['flattened'].commit = '6e8448c'
silent! let g:plugs['gist-vim'].commit = '88c331e'
silent! let g:plugs['gitignore'].commit = '061c5c7'
silent! let g:plugs['goyo.vim'].commit = '630f5d8'
silent! let g:plugs['idris-vim'].commit = '5c36a16'
silent! let g:plugs['incsearch.vim'].commit = 'c5cfc28'
silent! let g:plugs['indentLine.vim'].commit = '988ba55'
silent! let g:plugs['inkpot'].commit = 'b86ad4d'
silent! let g:plugs['limelight.vim'].commit = '153e3f7'
silent! let g:plugs['matchit.zip'].commit = 'ced6c40'
silent! let g:plugs['merlin'].commit = 'f8f26df'
silent! let g:plugs['my-snippets.vim'].commit = 'ceb2a1b'
silent! let g:plugs['neomake'].commit = 'efed015'
silent! let g:plugs['nerdtree'].commit = '4ebbb53'
silent! let g:plugs['netrw.vim'].commit = '985e424'
silent! let g:plugs['papercolor-theme'].commit = 'ddeae4e'
silent! let g:plugs['pipe2eval'].commit = 'fbe9207'
silent! let g:plugs['smartgf.vim'].commit = '4008e11'
silent! let g:plugs['splitjoin.vim'].commit = '899645a'
silent! let g:plugs['switch.vim'].commit = '371d681'
silent! let g:plugs['taglist.vim'].commit = '53041fb'
silent! let g:plugs['textobj-indent'].commit = '7921924'
silent! let g:plugs['ultisnips'].commit = '1b481f3'
silent! let g:plugs['vim-abolish'].commit = 'e6a170c'
silent! let g:plugs['vim-airline'].commit = '14d14cf'
silent! let g:plugs['vim-chef'].commit = '5039697'
silent! let g:plugs['vim-coffee-script'].commit = '32fe889'
silent! let g:plugs['vim-colors-pencil'].commit = '2553695'
silent! let g:plugs['vim-colors-solarized'].commit = '528a59f'
silent! let g:plugs['vim-commentary'].commit = 'e0f4850'
silent! let g:plugs['vim-css-color'].commit = '7ad79c7'
silent! let g:plugs['vim-css3-syntax'].commit = '9e0ef24'
silent! let g:plugs['vim-ctrlp-cmdpalette'].commit = 'f1a2a55'
silent! let g:plugs['vim-cucumber'].commit = '9b49b42'
silent! let g:plugs['vim-cursorword'].commit = 'fdbe62d'
silent! let g:plugs['vim-dispatch'].commit = '69fea41'
silent! let g:plugs['vim-easy-align'].commit = '7cb559e'
silent! let g:plugs['vim-elixir'].commit = '4515b07'
silent! let g:plugs['vim-endwise'].commit = 'f06abe3'
silent! let g:plugs['vim-expand-region'].commit = '9665135'
silent! let g:plugs['vim-fugitive'].commit = 'd854197'
silent! let g:plugs['vim-fugitive-blame-ext'].commit = 'dd4096e'
silent! let g:plugs['vim-github-comment'].commit = 'fc39af5'
silent! let g:plugs['vim-hackernews'].commit = '1b80a11'
silent! let g:plugs['vim-haml'].commit = '5c11890'
silent! let g:plugs['vim-indexed-search'].commit = '86533d7'
silent! let g:plugs['vim-javascript'].commit = '1d8c267'
silent! let g:plugs['vim-json'].commit = 'f5e3181'
silent! let g:plugs['vim-jsx'].commit = 'db329e1'
silent! let g:plugs['vim-less'].commit = '6fae407'
silent! let g:plugs['vim-man'].commit = 'a754d1f'
silent! let g:plugs['vim-multiple-cursors'].commit = '73a78c9'
silent! let g:plugs['vim-nix'].commit = '39f5eb6'
silent! let g:plugs['vim-rails'].commit = 'e25769a'
silent! let g:plugs['vim-repeat'].commit = '7a6675f'
silent! let g:plugs['vim-ruby'].commit = '5b526fa'
silent! let g:plugs['vim-ruby-refactoring'].commit = '6447a4d'
silent! let g:plugs['vim-signify'].commit = '6333c7f'
silent! let g:plugs['vim-sleuth'].commit = 'a174627'
silent! let g:plugs['vim-sml'].commit = '4c4d59b'
silent! let g:plugs['vim-surround'].commit = '2d05440'
silent! let g:plugs['vim-test'].commit = 'e27e409'
silent! let g:plugs['vim-textobj-erb'].commit = '03e3840'
silent! let g:plugs['vim-textobj-rubyblock'].commit = 'b5b84e4'
silent! let g:plugs['vim-textobj-underscore'].commit = '1200f05'
silent! let g:plugs['vim-textobj-url'].commit = '63eb7f1'
silent! let g:plugs['vim-textobj-user'].commit = 'a305416'
silent! let g:plugs['vim-textobj-xmlattr'].commit = '29a154d'
silent! let g:plugs['vim-tmux-navigator'].commit = '9dcea0c'
silent! let g:plugs['vim-tmux-runner'].commit = '3246f75'
silent! let g:plugs['vim-unimpaired'].commit = '23f471a'
silent! let g:plugs['vim-wipeout'].commit = '6e98c53'
silent! let g:plugs['vim-yankstack'].commit = '157a659'
silent! let g:plugs['webapi-vim'].commit = 'dfc6063'
silent! let g:plugs['zeavim.vim'].commit = '5c09ded'

PlugUpdate!

