" Generated by vim-plug
" czw, 1 wrz 2016, 12:15:25
" :source this file in vim to restore the snapshot
" or execute: vim -S snapshot.vim

silent! let g:plugs['CamelCaseMotion'].commit = '3ae9bf9'
silent! let g:plugs['LargeFile'].commit = '3941a37'
silent! let g:plugs['Rename2'].commit = '10dfd29'
silent! let g:plugs['YouCompleteMe'].commit = 'd38ffc5'
silent! let g:plugs['ack.vim'].commit = 'eede042'
silent! let g:plugs['argtextobj.vim'].commit = 'f3fbe42'
silent! let g:plugs['bgshift.vim'].commit = '0fd2d42'
silent! let g:plugs['closetag.vim'].commit = 'a52525b'
silent! let g:plugs['ctrlp-py-matcher'].commit = 'fb831ff'
silent! let g:plugs['ctrlp.vim'].commit = 'dd7a6ef'
silent! let g:plugs['dbext.vim'].commit = '14f3d53'
silent! let g:plugs['delimitMate'].commit = 'b571905'
silent! let g:plugs['elm-vim'].commit = 'abc998a'
silent! let g:plugs['emmet-vim'].commit = 'f4b097a'
silent! let g:plugs['flattened'].commit = '5d2684a'
silent! let g:plugs['gist-vim'].commit = '88c331e'
silent! let g:plugs['gitignore'].commit = '061c5c7'
silent! let g:plugs['goyo.vim'].commit = '8e8f1d4'
silent! let g:plugs['idris-vim'].commit = '7ef7a2e'
silent! let g:plugs['incsearch.vim'].commit = '161c5b6'
silent! let g:plugs['indentLine.vim'].commit = '988ba55'
silent! let g:plugs['inkpot'].commit = 'b86ad4d'
silent! let g:plugs['limelight.vim'].commit = '106fb57'
silent! let g:plugs['matchit.zip'].commit = 'ced6c40'
silent! let g:plugs['merlin'].commit = '05d20b6'
silent! let g:plugs['my-snippets.vim'].commit = 'ceb2a1b'
silent! let g:plugs['neomake'].commit = 'f5e7869'
silent! let g:plugs['nerdtree'].commit = '40993e9'
silent! let g:plugs['nerdtree-git-plugin'].commit = 'e71e62f'
silent! let g:plugs['papercolor-theme'].commit = 'e0fd3cc'
silent! let g:plugs['pipe2eval'].commit = 'fbe9207'
silent! let g:plugs['rust.vim'].commit = 'fc11d02'
silent! let g:plugs['smartgf.vim'].commit = '1f4c4c7'
silent! let g:plugs['splitjoin.vim'].commit = 'a6f9ddc'
silent! let g:plugs['switch.vim'].commit = 'fec2065'
silent! let g:plugs['taglist.vim'].commit = '53041fb'
silent! let g:plugs['textobj-indent'].commit = '7921924'
silent! let g:plugs['ultisnips'].commit = 'ff10513'
silent! let g:plugs['undotree'].commit = '17dfeb6'
silent! let g:plugs['vim-abolish'].commit = '125908e'
silent! let g:plugs['vim-airline'].commit = 'ea98b42'
silent! let g:plugs['vim-chef'].commit = '5039697'
silent! let g:plugs['vim-coffee-script'].commit = '5de5f37'
silent! let g:plugs['vim-colors-pencil'].commit = '645c77d'
silent! let g:plugs['vim-colors-solarized'].commit = '528a59f'
silent! let g:plugs['vim-commentary'].commit = '73e0d9a'
silent! let g:plugs['vim-css-color'].commit = '4cb2e59'
silent! let g:plugs['vim-css3-syntax'].commit = '5c81b99'
silent! let g:plugs['vim-ctrlp-cmdpalette'].commit = '79db2a3'
silent! let g:plugs['vim-cucumber'].commit = 'bcb119c'
silent! let g:plugs['vim-cursorword'].commit = 'fdbe62d'
silent! let g:plugs['vim-dispatch'].commit = 'f1d0a5e'
silent! let g:plugs['vim-easy-align'].commit = '0cb6b98'
silent! let g:plugs['vim-elixir'].commit = '7707db3'
silent! let g:plugs['vim-endwise'].commit = '0067ced'
silent! let g:plugs['vim-expand-region'].commit = '9665135'
silent! let g:plugs['vim-fugitive'].commit = 'aac85a2'
silent! let g:plugs['vim-fugitive-blame-ext'].commit = 'dd4096e'
silent! let g:plugs['vim-github-comment'].commit = 'aa0a2f1'
silent! let g:plugs['vim-haml'].commit = '1f2e47c'
silent! let g:plugs['vim-indexed-search'].commit = '1d93f47'
silent! let g:plugs['vim-javascript'].commit = '782cc10'
silent! let g:plugs['vim-json'].commit = 'f5e3181'
silent! let g:plugs['vim-jsx'].commit = 'eb656ed'
silent! let g:plugs['vim-less'].commit = '6e818d5'
silent! let g:plugs['vim-man'].commit = '3d26cb1'
silent! let g:plugs['vim-multiple-cursors'].commit = '51d0717'
silent! let g:plugs['vim-nix'].commit = 'a61495a'
silent! let g:plugs['vim-plugin-minibufexpl'].commit = '349a9fb'
silent! let g:plugs['vim-rails'].commit = 'f35e426'
silent! let g:plugs['vim-repeat'].commit = '7a6675f'
silent! let g:plugs['vim-ruby'].commit = '4ea1fb3'
silent! let g:plugs['vim-ruby-refactoring'].commit = '6447a4d'
silent! let g:plugs['vim-signify'].commit = '472668f'
silent! let g:plugs['vim-sleuth'].commit = 'a174627'
silent! let g:plugs['vim-sml'].commit = '4c4d59b'
silent! let g:plugs['vim-surround'].commit = 'e49d6c2'
silent! let g:plugs['vim-test'].commit = '0024ce6'
silent! let g:plugs['vim-textobj-erb'].commit = '03e3840'
silent! let g:plugs['vim-textobj-rubyblock'].commit = 'e9edab3'
silent! let g:plugs['vim-textobj-underscore'].commit = '41fcdac'
silent! let g:plugs['vim-textobj-url'].commit = '63eb7f1'
silent! let g:plugs['vim-textobj-user'].commit = 'a305416'
silent! let g:plugs['vim-textobj-xmlattr'].commit = '694a297'
silent! let g:plugs['vim-tmux-focus-events'].commit = 'eccc2f5'
silent! let g:plugs['vim-tmux-navigator'].commit = '88f80ea'
silent! let g:plugs['vim-tmux-runner'].commit = '98618d2'
silent! let g:plugs['vim-unimpaired'].commit = '11dc568'
silent! let g:plugs['vim-wipeout'].commit = '6e98c53'
silent! let g:plugs['vim-yankstack'].commit = '157a659'
silent! let g:plugs['webapi-vim'].commit = 'e3fa93f'
silent! let g:plugs['yaml-revealer'].commit = '572eea7'
silent! let g:plugs['zeavim.vim'].commit = '9c53c2d'

PlugUpdate!

